
Microsoft Visual Studio Solution File, Format Version 12.00
# Visual Studio Version 16
VisualStudioVersion = 16.0.30503.244
MinimumVisualStudioVersion = 10.0.40219.1
Project("{FAE04EC0-301F-11D3-BF4B-00C04F79EFBC}") = "Bài tập lớn .NET - Phần mềm quản lý thiết bị", "Bài tập lớn .NET - Phần mềm quản lý thiết bị\Bài tập lớn .NET - Phần mềm quản lý thiết bị.csproj", "{7D2EB855-6B11-472C-BB16-0015DE5808ED}"
EndProject
Project("{2150E333-8FDC-42A3-9474-1A3956D46DE8}") = "Solution Items", "Solution Items", "{A7CD03A7-2A71-4615-A3E0-0E1787E63714}"
	ProjectSection(SolutionItems) = preProject
		.editorconfig = .editorconfig
	EndProjectSection
EndProject
Global
	GlobalSection(SolutionConfigurationPlatforms) = preSolution
		Debug|Any CPU = Debug|Any CPU
		Release|Any CPU = Release|Any CPU
	EndGlobalSection
	GlobalSection(ProjectConfigurationPlatforms) = postSolution
		{7D2EB855-6B11-472C-BB16-0015DE5808ED}.Debug|Any CPU.ActiveCfg = Debug|Any CPU
		{7D2EB855-6B11-472C-BB16-0015DE5808ED}.Debug|Any CPU.Build.0 = Debug|Any CPU
		{7D2EB855-6B11-472C-BB16-0015DE5808ED}.Release|Any CPU.ActiveCfg = Release|Any CPU
		{7D2EB855-6B11-472C-BB16-0015DE5808ED}.Release|Any CPU.Build.0 = Release|Any CPU
	EndGlobalSection
	GlobalSection(SolutionProperties) = preSolution
		HideSolutionNode = FALSE
	EndGlobalSection
	GlobalSection(ExtensibilityGlobals) = postSolution
		SolutionGuid = {E85FA4E7-9AB8-4551-8FFA-D85EE702D5E5}
	EndGlobalSection
EndGlobal
